
Microsoft Visual Studio Solution File, Format Version 12.00
# Visual Studio 15
VisualStudioVersion = 15.0.27703.2035
MinimumVisualStudioVersion = 10.0.40219.1
Project("{FAE04EC0-301F-11D3-BF4B-00C04F79EFBC}") = "AbstractFlowerShopModel", "..\AbstractFlowerShopModel\AbstractFlowerShopModel.csproj", "{2F7220BA-0666-496A-ACA1-FB2DF6B20EB9}"
EndProject
Global
	GlobalSection(SolutionConfigurationPlatforms) = preSolution
		Debug|Any CPU = Debug|Any CPU
		Release|Any CPU = Release|Any CPU
	EndGlobalSection
	GlobalSection(ProjectConfigurationPlatforms) = postSolution
		{2F7220BA-0666-496A-ACA1-FB2DF6B20EB9}.Debug|Any CPU.ActiveCfg = Debug|Any CPU
		{2F7220BA-0666-496A-ACA1-FB2DF6B20EB9}.Debug|Any CPU.Build.0 = Debug|Any CPU
		{2F7220BA-0666-496A-ACA1-FB2DF6B20EB9}.Release|Any CPU.ActiveCfg = Release|Any CPU
		{2F7220BA-0666-496A-ACA1-FB2DF6B20EB9}.Release|Any CPU.Build.0 = Release|Any CPU
	EndGlobalSection
	GlobalSection(SolutionProperties) = preSolution
		HideSolutionNode = FALSE
	EndGlobalSection
	GlobalSection(ExtensibilityGlobals) = postSolution
		SolutionGuid = {FD20BB94-134A-4E24-8FA8-113F92137EC7}
	EndGlobalSection
EndGlobal
